
Microsoft Visual Studio Solution File, Format Version 12.00
# Visual Studio Version 17
VisualStudioVersion = 17.8.34316.72
MinimumVisualStudioVersion = 10.0.40219.1
Project("{FAE04EC0-301F-11D3-BF4B-00C04F79EFBC}") = "WebAPIRestAPI", "WebAPIRestAPI\WebAPIRestAPI.csproj", "{1983B0CD-08A7-4300-AEBC-F68F9EAA53FD}"
EndProject
Global
	GlobalSection(SolutionConfigurationPlatforms) = preSolution
		Debug|Any CPU = Debug|Any CPU
		Release|Any CPU = Release|Any CPU
	EndGlobalSection
	GlobalSection(ProjectConfigurationPlatforms) = postSolution
		{1983B0CD-08A7-4300-AEBC-F68F9EAA53FD}.Debug|Any CPU.ActiveCfg = Debug|Any CPU
		{1983B0CD-08A7-4300-AEBC-F68F9EAA53FD}.Debug|Any CPU.Build.0 = Debug|Any CPU
		{1983B0CD-08A7-4300-AEBC-F68F9EAA53FD}.Release|Any CPU.ActiveCfg = Release|Any CPU
		{1983B0CD-08A7-4300-AEBC-F68F9EAA53FD}.Release|Any CPU.Build.0 = Release|Any CPU
	EndGlobalSection
	GlobalSection(SolutionProperties) = preSolution
		HideSolutionNode = FALSE
	EndGlobalSection
	GlobalSection(ExtensibilityGlobals) = postSolution
		SolutionGuid = {9AAF46A5-DDB9-4EC7-B263-0DAB7CB6E24C}
	EndGlobalSection
EndGlobal
